
Microsoft Visual Studio Solution File, Format Version 12.00
# Visual Studio Version 17
VisualStudioVersion = 17.9.34723.18
MinimumVisualStudioVersion = 10.0.40219.1
Project("{FAE04EC0-301F-11D3-BF4B-00C04F79EFBC}") = "ApplicationTrackingSystem", "ApplicationTrackingSystem.csproj", "{3A2D1888-3AFA-465D-8A1B-844741C54E5D}"
EndProject
Global
	GlobalSection(SolutionConfigurationPlatforms) = preSolution
		Debug|Any CPU = Debug|Any CPU
		Release|Any CPU = Release|Any CPU
	EndGlobalSection
	GlobalSection(ProjectConfigurationPlatforms) = postSolution
		{3A2D1888-3AFA-465D-8A1B-844741C54E5D}.Debug|Any CPU.ActiveCfg = Debug|Any CPU
		{3A2D1888-3AFA-465D-8A1B-844741C54E5D}.Debug|Any CPU.Build.0 = Debug|Any CPU
		{3A2D1888-3AFA-465D-8A1B-844741C54E5D}.Release|Any CPU.ActiveCfg = Release|Any CPU
		{3A2D1888-3AFA-465D-8A1B-844741C54E5D}.Release|Any CPU.Build.0 = Release|Any CPU
	EndGlobalSection
	GlobalSection(SolutionProperties) = preSolution
		HideSolutionNode = FALSE
	EndGlobalSection
	GlobalSection(ExtensibilityGlobals) = postSolution
		SolutionGuid = {7CE0613E-B4C2-4884-B819-B577664374CD}
	EndGlobalSection
EndGlobal
